// !$*UTF8*$!
{
	archiveVersion = 1;
	classes = {
	};
	objectVersion = 56;
	objects = {

/* Begin PBXBuildFile section */
		C3335DB12A1E4F9F00EF6122 /* FirstIosAppApp.swift in Sources */ = {isa = PBXBuildFile; fileRef = C3335DB02A1E4F9F00EF6122 /* FirstIosAppApp.swift */; };
		C3335DB32A1E4F9F00EF6122 /* ContentView.swift in Sources */ = {isa = PBXBuildFile; fileRef = C3335DB22A1E4F9F00EF6122 /* ContentView.swift */; };
		C3335DB52A1E4FA100EF6122 /* Assets.xcassets in Resources */ = {isa = PBXBuildFile; fileRef = C3335DB42A1E4FA100EF6122 /* Assets.xcassets */; };
		C3335DB82A1E4FA100EF6122 /* Preview Assets.xcassets in Resources */ = {isa = PBXBuildFile; fileRef = C3335DB72A1E4FA100EF6122 /* Preview Assets.xcassets */; };
		C3335DC22A1E4FA100EF6122 /* FirstIosAppTests.swift in Sources */ = {isa = PBXBuildFile; fileRef = C3335DC12A1E4FA100EF6122 /* FirstIosAppTests.swift */; };
		C3335DCC2A1E4FA100EF6122 /* FirstIosAppUITests.swift in Sources */ = {isa = PBXBuildFile; fileRef = C3335DCB2A1E4FA100EF6122 /* FirstIosAppUITests.swift */; };
		C3335DCE2A1E4FA100EF6122 /* FirstIosAppUITestsLaunchTests.swift in Sources */ = {isa = PBXBuildFile; fileRef = C3335DCD2A1E4FA100EF6122 /* FirstIosAppUITestsLaunchTests.swift */; };
/* End PBXBuildFile section */

/* Begin PBXContainerItemProxy section */
		C3335DBE2A1E4FA100EF6122 /* PBXContainerItemProxy */ = {
			isa = PBXContainerItemProxy;
			containerPortal = C3335DA52A1E4F9F00EF6122 /* Project object */;
			proxyType = 1;
			remoteGlobalIDString = C3335DAC2A1E4F9F00EF6122;
			remoteInfo = FirstIosApp;
		};
		C3335DC82A1E4FA100EF6122 /* PBXContainerItemProxy */ = {
			isa = PBXContainerItemProxy;
			containerPortal = C3335DA52A1E4F9F00EF6122 /* Project object */;
			proxyType = 1;
			remoteGlobalIDString = C3335DAC2A1E4F9F00EF6122;
			remoteInfo = FirstIosApp;
		};
/* End PBXContainerItemProxy section */

/* Begin PBXFileReference section */
		C3335DAD2A1E4F9F00EF6122 /* FirstIosApp.app */ = {isa = PBXFileReference; explicitFileType = wrapper.application; includeInIndex = 0; path = FirstIosApp.app; sourceTree = BUILT_PRODUCTS_DIR; };
		C3335DB02A1E4F9F00EF6122 /* FirstIosAppApp.swift */ = {isa = PBXFileReference; lastKnownFileType = sourcecode.swift; path = FirstIosAppApp.swift; sourceTree = "<group>"; };
		C3335DB22A1E4F9F00EF6122 /* ContentView.swift */ = {isa = PBXFileReference; lastKnownFileType = sourcecode.swift; path = ContentView.swift; sourceTree = "<group>"; };
		C3335DB42A1E4FA100EF6122 /* Assets.xcassets */ = {isa = PBXFileReference; lastKnownFileType = folder.assetcatalog; path = Assets.xcassets; sourceTree = "<group>"; };
		C3335DB72A1E4FA100EF6122 /* Preview Assets.xcassets */ = {isa = PBXFileReference; lastKnownFileType = folder.assetcatalog; path = "Preview Assets.xcassets"; sourceTree = "<group>"; };
		C3335DBD2A1E4FA100EF6122 /* FirstIosAppTests.xctest */ = {isa = PBXFileReference; explicitFileType = wrapper.cfbundle; includeInIndex = 0; path = FirstIosAppTests.xctest; sourceTree = BUILT_PRODUCTS_DIR; };
		C3335DC12A1E4FA100EF6122 /* FirstIosAppTests.swift */ = {isa = PBXFileReference; lastKnownFileType = sourcecode.swift; path = FirstIosAppTests.swift; sourceTree = "<group>"; };
		C3335DC72A1E4FA100EF6122 /* FirstIosAppUITests.xctest */ = {isa = PBXFileReference; explicitFileType = wrapper.cfbundle; includeInIndex = 0; path = FirstIosAppUITests.xctest; sourceTree = BUILT_PRODUCTS_DIR; };
		C3335DCB2A1E4FA100EF6122 /* FirstIosAppUITests.swift */ = {isa = PBXFileReference; lastKnownFileType = sourcecode.swift; path = FirstIosAppUITests.swift; sourceTree = "<group>"; };
		C3335DCD2A1E4FA100EF6122 /* FirstIosAppUITestsLaunchTests.swift */ = {isa = PBXFileReference; lastKnownFileType = sourcecode.swift; path = FirstIosAppUITestsLaunchTests.swift; sourceTree = "<group>"; };
/* End PBXFileReference section */

/* Begin PBXFrameworksBuildPhase section */
		C3335DAA2A1E4F9F00EF6122 /* Frameworks */ = {
			isa = PBXFrameworksBuildPhase;
			buildActionMask = 2147483647;
			files = (
			);
			runOnlyForDeploymentPostprocessing = 0;
		};
		C3335DBA2A1E4FA100EF6122 /* Frameworks */ = {
			isa = PBXFrameworksBuildPhase;
			buildActionMask = 2147483647;
			files = (
			);
			runOnlyForDeploymentPostprocessing = 0;
		};
		C3335DC42A1E4FA100EF6122 /* Frameworks */ = {
			isa = PBXFrameworksBuildPhase;
			buildActionMask = 2147483647;
			files = (
			);
			runOnlyForDeploymentPostprocessing = 0;
		};
/* End PBXFrameworksBuildPhase section */

/* Begin PBXGroup section */
		C3335DA42A1E4F9F00EF6122 = {
			isa = PBXGroup;
			children = (
				C3335DAF2A1E4F9F00EF6122 /* FirstIosApp */,
				C3335DC02A1E4FA100EF6122 /* FirstIosAppTests */,
				C3335DCA2A1E4FA100EF6122 /* FirstIosAppUITests */,
				C3335DAE2A1E4F9F00EF6122 /* Products */,
			);
			sourceTree = "<group>";
		};
		C3335DAE2A1E4F9F00EF6122 /* Products */ = {
			isa = PBXGroup;
			children = (
				C3335DAD2A1E4F9F00EF6122 /* FirstIosApp.app */,
				C3335DBD2A1E4FA100EF6122 /* FirstIosAppTests.xctest */,
				C3335DC72A1E4FA100EF6122 /* FirstIosAppUITests.xctest */,
			);
			name = Products;
			sourceTree = "<group>";
		};
		C3335DAF2A1E4F9F00EF6122 /* FirstIosApp */ = {
			isa = PBXGroup;
			children = (
				C3335DB02A1E4F9F00EF6122 /* FirstIosAppApp.swift */,
				C3335DB22A1E4F9F00EF6122 /* ContentView.swift */,
				C3335DB42A1E4FA100EF6122 /* Assets.xcassets */,
				C3335DB62A1E4FA100EF6122 /* Preview Content */,
			);
			path = FirstIosApp;
			sourceTree = "<group>";
		};
		C3335DB62A1E4FA100EF6122 /* Preview Content */ = {
			isa = PBXGroup;
			children = (
				C3335DB72A1E4FA100EF6122 /* Preview Assets.xcassets */,
			);
			path = "Preview Content";
			sourceTree = "<group>";
		};
		C3335DC02A1E4FA100EF6122 /* FirstIosAppTests */ = {
			isa = PBXGroup;
			children = (
				C3335DC12A1E4FA100EF6122 /* FirstIosAppTests.swift */,
			);
			path = FirstIosAppTests;
			sourceTree = "<group>";
		};
		C3335DCA2A1E4FA100EF6122 /* FirstIosAppUITests */ = {
			isa = PBXGroup;
			children = (
				C3335DCB2A1E4FA100EF6122 /* FirstIosAppUITests.swift */,
				C3335DCD2A1E4FA100EF6122 /* FirstIosAppUITestsLaunchTests.swift */,
			);
			path = FirstIosAppUITests;
			sourceTree = "<group>";
		};
/* End PBXGroup section */

/* Begin PBXNativeTarget section */
		C3335DAC2A1E4F9F00EF6122 /* FirstIosApp */ = {
			isa = PBXNativeTarget;
			buildConfigurationList = C3335DD12A1E4FA100EF6122 /* Build configuration list for PBXNativeTarget "FirstIosApp" */;
			buildPhases = (
				C3335DA92A1E4F9F00EF6122 /* Sources */,
				C3335DAA2A1E4F9F00EF6122 /* Frameworks */,
				C3335DAB2A1E4F9F00EF6122 /* Resources */,
			);
			buildRules = (
			);
			dependencies = (
			);
			name = FirstIosApp;
			productName = FirstIosApp;
			productReference = C3335DAD2A1E4F9F00EF6122 /* FirstIosApp.app */;
			productType = "com.apple.product-type.application";
		};
		C3335DBC2A1E4FA100EF6122 /* FirstIosAppTests */ = {
			isa = PBXNativeTarget;
			buildConfigurationList = C3335DD42A1E4FA100EF6122 /* Build configuration list for PBXNativeTarget "FirstIosAppTests" */;
			buildPhases = (
				C3335DB92A1E4FA100EF6122 /* Sources */,
				C3335DBA2A1E4FA100EF6122 /* Frameworks */,
				C3335DBB2A1E4FA100EF6122 /* Resources */,
			);
			buildRules = (
			);
			dependencies = (
				C3335DBF2A1E4FA100EF6122 /* PBXTargetDependency */,
			);
			name = FirstIosAppTests;
			productName = FirstIosAppTests;
			productReference = C3335DBD2A1E4FA100EF6122 /* FirstIosAppTests.xctest */;
			productType = "com.apple.product-type.bundle.unit-test";
		};
		C3335DC62A1E4FA100EF6122 /* FirstIosAppUITests */ = {
			isa = PBXNativeTarget;
			buildConfigurationList = C3335DD72A1E4FA100EF6122 /* Build configuration list for PBXNativeTarget "FirstIosAppUITests" */;
			buildPhases = (
				C3335DC32A1E4FA100EF6122 /* Sources */,
				C3335DC42A1E4FA100EF6122 /* Frameworks */,
				C3335DC52A1E4FA100EF6122 /* Resources */,
			);
			buildRules = (
			);
			dependencies = (
				C3335DC92A1E4FA100EF6122 /* PBXTargetDependency */,
			);
			name = FirstIosAppUITests;
			productName = FirstIosAppUITests;
			productReference = C3335DC72A1E4FA100EF6122 /* FirstIosAppUITests.xctest */;
			productType = "com.apple.product-type.bundle.ui-testing";
		};
/* End PBXNativeTarget section */

/* Begin PBXProject section */
		C3335DA52A1E4F9F00EF6122 /* Project object */ = {
			isa = PBXProject;
			attributes = {
				BuildIndependentTargetsInParallel = 1;
				LastSwiftUpdateCheck = 1420;
				LastUpgradeCheck = 1420;
				TargetAttributes = {
					C3335DAC2A1E4F9F00EF6122 = {
						CreatedOnToolsVersion = 14.2;
					};
					C3335DBC2A1E4FA100EF6122 = {
						CreatedOnToolsVersion = 14.2;
						TestTargetID = C3335DAC2A1E4F9F00EF6122;
					};
					C3335DC62A1E4FA100EF6122 = {
						CreatedOnToolsVersion = 14.2;
						TestTargetID = C3335DAC2A1E4F9F00EF6122;
					};
				};
			};
			buildConfigurationList = C3335DA82A1E4F9F00EF6122 /* Build configuration list for PBXProject "FirstIosApp" */;
			compatibilityVersion = "Xcode 14.0";
			developmentRegion = en;
			hasScannedForEncodings = 0;
			knownRegions = (
				en,
				Base,
			);
			mainGroup = C3335DA42A1E4F9F00EF6122;
			productRefGroup = C3335DAE2A1E4F9F00EF6122 /* Products */;
			projectDirPath = "";
			projectRoot = "";
			targets = (
				C3335DAC2A1E4F9F00EF6122 /* FirstIosApp */,
				C3335DBC2A1E4FA100EF6122 /* FirstIosAppTests */,
				C3335DC62A1E4FA100EF6122 /* FirstIosAppUITests */,
			);
		};
/* End PBXProject section */

/* Begin PBXResourcesBuildPhase section */
		C3335DAB2A1E4F9F00EF6122 /* Resources */ = {
			isa = PBXResourcesBuildPhase;
			buildActionMask = 2147483647;
			files = (
				C3335DB82A1E4FA100EF6122 /* Preview Assets.xcassets in Resources */,
				C3335DB52A1E4FA100EF6122 /* Assets.xcassets in Resources */,
			);
			runOnlyForDeploymentPostprocessing = 0;
		};
		C3335DBB2A1E4FA100EF6122 /* Resources */ = {
			isa = PBXResourcesBuildPhase;
			buildActionMask = 2147483647;
			files = (
			);
			runOnlyForDeploymentPostprocessing = 0;
		};
		C3335DC52A1E4FA100EF6122 /* Resources */ = {
			isa = PBXResourcesBuildPhase;
			buildActionMask = 2147483647;
			files = (
			);
			runOnlyForDeploymentPostprocessing = 0;
		};
/* End PBXResourcesBuildPhase section */

/* Begin PBXSourcesBuildPhase section */
		C3335DA92A1E4F9F00EF6122 /* Sources */ = {
			isa = PBXSourcesBuildPhase;
			buildActionMask = 2147483647;
			files = (
				C3335DB32A1E4F9F00EF6122 /* ContentView.swift in Sources */,
				C3335DB12A1E4F9F00EF6122 /* FirstIosAppApp.swift in Sources */,
			);
			runOnlyForDeploymentPostprocessing = 0;
		};
		C3335DB92A1E4FA100EF6122 /* Sources */ = {
			isa = PBXSourcesBuildPhase;
			buildActionMask = 2147483647;
			files = (
				C3335DC22A1E4FA100EF6122 /* FirstIosAppTests.swift in Sources */,
			);
			runOnlyForDeploymentPostprocessing = 0;
		};
		C3335DC32A1E4FA100EF6122 /* Sources */ = {
			isa = PBXSourcesBuildPhase;
			buildActionMask = 2147483647;
			files = (
				C3335DCC2A1E4FA100EF6122 /* FirstIosAppUITests.swift in Sources */,
				C3335DCE2A1E4FA100EF6122 /* FirstIosAppUITestsLaunchTests.swift in Sources */,
			);
			runOnlyForDeploymentPostprocessing = 0;
		};
/* End PBXSourcesBuildPhase section */

/* Begin PBXTargetDependency section */
		C3335DBF2A1E4FA100EF6122 /* PBXTargetDependency */ = {
			isa = PBXTargetDependency;
			target = C3335DAC2A1E4F9F00EF6122 /* FirstIosApp */;
			targetProxy = C3335DBE2A1E4FA100EF6122 /* PBXContainerItemProxy */;
		};
		C3335DC92A1E4FA100EF6122 /* PBXTargetDependency */ = {
			isa = PBXTargetDependency;
			target = C3335DAC2A1E4F9F00EF6122 /* FirstIosApp */;
			targetProxy = C3335DC82A1E4FA100EF6122 /* PBXContainerItemProxy */;
		};
/* End PBXTargetDependency section */

/* Begin XCBuildConfiguration section */
		C3335DCF2A1E4FA100EF6122 /* Debug */ = {
			isa = XCBuildConfiguration;
			buildSettings = {
				ALWAYS_SEARCH_USER_PATHS = NO;
				CLANG_ANALYZER_NONNULL = YES;
				CLANG_ANALYZER_NUMBER_OBJECT_CONVERSION = YES_AGGRESSIVE;
				CLANG_CXX_LANGUAGE_STANDARD = "gnu++20";
				CLANG_ENABLE_MODULES = YES;
				CLANG_ENABLE_OBJC_ARC = YES;
				CLANG_ENABLE_OBJC_WEAK = YES;
				CLANG_WARN_BLOCK_CAPTURE_AUTORELEASING = YES;
				CLANG_WARN_BOOL_CONVERSION = YES;
				CLANG_WARN_COMMA = YES;
				CLANG_WARN_CONSTANT_CONVERSION = YES;
				CLANG_WARN_DEPRECATED_OBJC_IMPLEMENTATIONS = YES;
				CLANG_WARN_DIRECT_OBJC_ISA_USAGE = YES_ERROR;
				CLANG_WARN_DOCUMENTATION_COMMENTS = YES;
				CLANG_WARN_EMPTY_BODY = YES;
				CLANG_WARN_ENUM_CONVERSION = YES;
				CLANG_WARN_INFINITE_RECURSION = YES;
				CLANG_WARN_INT_CONVERSION = YES;
				CLANG_WARN_NON_LITERAL_NULL_CONVERSION = YES;
				CLANG_WARN_OBJC_IMPLICIT_RETAIN_SELF = YES;
				CLANG_WARN_OBJC_LITERAL_CONVERSION = YES;
				CLANG_WARN_OBJC_ROOT_CLASS = YES_ERROR;
				CLANG_WARN_QUOTED_INCLUDE_IN_FRAMEWORK_HEADER = YES;
				CLANG_WARN_RANGE_LOOP_ANALYSIS = YES;
				CLANG_WARN_STRICT_PROTOTYPES = YES;
				CLANG_WARN_SUSPICIOUS_MOVE = YES;
				CLANG_WARN_UNGUARDED_AVAILABILITY = YES_AGGRESSIVE;
				CLANG_WARN_UNREACHABLE_CODE = YES;
				CLANG_WARN__DUPLICATE_METHOD_MATCH = YES;
				COPY_PHASE_STRIP = NO;
				DEBUG_INFORMATION_FORMAT = dwarf;
				ENABLE_STRICT_OBJC_MSGSEND = YES;
				ENABLE_TESTABILITY = YES;
				GCC_C_LANGUAGE_STANDARD = gnu11;
				GCC_DYNAMIC_NO_PIC = NO;
				GCC_NO_COMMON_BLOCKS = YES;
				GCC_OPTIMIZATION_LEVEL = 0;
				GCC_PREPROCESSOR_DEFINITIONS = (
					"DEBUG=1",
					"$(inherited)",
				);
				GCC_WARN_64_TO_32_BIT_CONVERSION = YES;
				GCC_WARN_ABOUT_RETURN_TYPE = YES_ERROR;
				GCC_WARN_UNDECLARED_SELECTOR = YES;
				GCC_WARN_UNINITIALIZED_AUTOS = YES_AGGRESSIVE;
				GCC_WARN_UNUSED_FUNCTION = YES;
				GCC_WARN_UNUSED_VARIABLE = YES;
				IPHONEOS_DEPLOYMENT_TARGET = 16.2;
				MTL_ENABLE_DEBUG_INFO = INCLUDE_SOURCE;
				MTL_FAST_MATH = YES;
				ONLY_ACTIVE_ARCH = YES;
				SDKROOT = iphoneos;
				SWIFT_ACTIVE_COMPILATION_CONDITIONS = DEBUG;
				SWIFT_OPTIMIZATION_LEVEL = "-Onone";
			};
			name = Debug;
		};
		C3335DD02A1E4FA100EF6122 /* Release */ = {
			isa = XCBuildConfiguration;
			buildSettings = {
				ALWAYS_SEARCH_USER_PATHS = NO;
				CLANG_ANALYZER_NONNULL = YES;
				CLANG_ANALYZER_NUMBER_OBJECT_CONVERSION = YES_AGGRESSIVE;
				CLANG_CXX_LANGUAGE_STANDARD = "gnu++20";
				CLANG_ENABLE_MODULES = YES;
				CLANG_ENABLE_OBJC_ARC = YES;
				CLANG_ENABLE_OBJC_WEAK = YES;
				CLANG_WARN_BLOCK_CAPTURE_AUTORELEASING = YES;
				CLANG_WARN_BOOL_CONVERSION = YES;
				CLANG_WARN_COMMA = YES;
				CLANG_WARN_CONSTANT_CONVERSION = YES;
				CLANG_WARN_DEPRECATED_OBJC_IMPLEMENTATIONS = YES;
				CLANG_WARN_DIRECT_OBJC_ISA_USAGE = YES_ERROR;
				CLANG_WARN_DOCUMENTATION_COMMENTS = YES;
				CLANG_WARN_EMPTY_BODY = YES;
				CLANG_WARN_ENUM_CONVERSION = YES;
				CLANG_WARN_INFINITE_RECURSION = YES;
				CLANG_WARN_INT_CONVERSION = YES;
				CLANG_WARN_NON_LITERAL_NULL_CONVERSION = YES;
				CLANG_WARN_OBJC_IMPLICIT_RETAIN_SELF = YES;
				CLANG_WARN_OBJC_LITERAL_CONVERSION = YES;
				CLANG_WARN_OBJC_ROOT_CLASS = YES_ERROR;
				CLANG_WARN_QUOTED_INCLUDE_IN_FRAMEWORK_HEADER = YES;
				CLANG_WARN_RANGE_LOOP_ANALYSIS = YES;
				CLANG_WARN_STRICT_PROTOTYPES = YES;
				CLANG_WARN_SUSPICIOUS_MOVE = YES;
				CLANG_WARN_UNGUARDED_AVAILABILITY = YES_AGGRESSIVE;
				CLANG_WARN_UNREACHABLE_CODE = YES;
				CLANG_WARN__DUPLICATE_METHOD_MATCH = YES;
				COPY_PHASE_STRIP = NO;
				DEBUG_INFORMATION_FORMAT = "dwarf-with-dsym";
				ENABLE_NS_ASSERTIONS = NO;
				ENABLE_STRICT_OBJC_MSGSEND = YES;
				GCC_C_LANGUAGE_STANDARD = gnu11;
				GCC_NO_COMMON_BLOCKS = YES;
				GCC_WARN_64_TO_32_BIT_CONVERSION = YES;
				GCC_WARN_ABOUT_RETURN_TYPE = YES_ERROR;
				GCC_WARN_UNDECLARED_SELECTOR = YES;
				GCC_WARN_UNINITIALIZED_AUTOS = YES_AGGRESSIVE;
				GCC_WARN_UNUSED_FUNCTION = YES;
				GCC_WARN_UNUSED_VARIABLE = YES;
				IPHONEOS_DEPLOYMENT_TARGET = 16.2;
				MTL_ENABLE_DEBUG_INFO = NO;
				MTL_FAST_MATH = YES;
				SDKROOT = iphoneos;
				SWIFT_COMPILATION_MODE = wholemodule;
				SWIFT_OPTIMIZATION_LEVEL = "-O";
				VALIDATE_PRODUCT = YES;
			};
			name = Release;
		};
		C3335DD22A1E4FA100EF6122 /* Debug */ = {
			isa = XCBuildConfiguration;
			buildSettings = {
				ASSETCATALOG_COMPILER_APPICON_NAME = AppIcon;
				ASSETCATALOG_COMPILER_GLOBAL_ACCENT_COLOR_NAME = AccentColor;
				CODE_SIGN_STYLE = Automatic;
				CURRENT_PROJECT_VERSION = 1;
				DEVELOPMENT_ASSET_PATHS = "\"FirstIosApp/Preview Content\"";
				DEVELOPMENT_TEAM = 295UB9NMUR;
				ENABLE_PREVIEWS = YES;
				GENERATE_INFOPLIST_FILE = YES;
				INFOPLIST_KEY_UIApplicationSceneManifest_Generation = YES;
				INFOPLIST_KEY_UIApplicationSupportsIndirectInputEvents = YES;
				INFOPLIST_KEY_UILaunchScreen_Generation = YES;
				INFOPLIST_KEY_UISupportedInterfaceOrientations_iPad = "UIInterfaceOrientationPortrait UIInterfaceOrientationPortraitUpsideDown UIInterfaceOrientationLandscapeLeft UIInterfaceOrientationLandscapeRight";
				INFOPLIST_KEY_UISupportedInterfaceOrientations_iPhone = "UIInterfaceOrientationPortrait UIInterfaceOrientationLandscapeLeft UIInterfaceOrientationLandscapeRight";
				LD_RUNPATH_SEARCH_PATHS = (
					"$(inherited)",
					"@executable_path/Frameworks",
				);
				MARKETING_VERSION = 1.0;
				PRODUCT_BUNDLE_IDENTIFIER = com.Jgamer.FirstIosApp;
				PRODUCT_NAME = "$(TARGET_NAME)";
				SWIFT_EMIT_LOC_STRINGS = YES;
				SWIFT_VERSION = 5.0;
				TARGETED_DEVICE_FAMILY = "1,2";
			};
			name = Debug;
		};
		C3335DD32A1E4FA100EF6122 /* Release */ = {
			isa = XCBuildConfiguration;
			buildSettings = {
				ASSETCATALOG_COMPILER_APPICON_NAME = AppIcon;
				ASSETCATALOG_COMPILER_GLOBAL_ACCENT_COLOR_NAME = AccentColor;
				CODE_SIGN_STYLE = Automatic;
				CURRENT_PROJECT_VERSION = 1;
				DEVELOPMENT_ASSET_PATHS = "\"FirstIosApp/Preview Content\"";
				DEVELOPMENT_TEAM = 295UB9NMUR;
				ENABLE_PREVIEWS = YES;
				GENERATE_INFOPLIST_FILE = YES;
				INFOPLIST_KEY_UIApplicationSceneManifest_Generation = YES;
				INFOPLIST_KEY_UIApplicationSupportsIndirectInputEvents = YES;
				INFOPLIST_KEY_UILaunchScreen_Generation = YES;
				INFOPLIST_KEY_UISupportedInterfaceOrientations_iPad = "UIInterfaceOrientationPortrait UIInterfaceOrientationPortraitUpsideDown UIInterfaceOrientationLandscapeLeft UIInterfaceOrientationLandscapeRight";
				INFOPLIST_KEY_UISupportedInterfaceOrientations_iPhone = "UIInterfaceOrientationPortrait UIInterfaceOrientationLandscapeLeft UIInterfaceOrientationLandscapeRight";
				LD_RUNPATH_SEARCH_PATHS = (
					"$(inherited)",
					"@executable_path/Frameworks",
				);
				MARKETING_VERSION = 1.0;
				PRODUCT_BUNDLE_IDENTIFIER = com.Jgamer.FirstIosApp;
				PRODUCT_NAME = "$(TARGET_NAME)";
				SWIFT_EMIT_LOC_STRINGS = YES;
				SWIFT_VERSION = 5.0;
				TARGETED_DEVICE_FAMILY = "1,2";
			};
			name = Release;
		};
		C3335DD52A1E4FA100EF6122 /* Debug */ = {
			isa = XCBuildConfiguration;
			buildSettings = {
				ALWAYS_EMBED_SWIFT_STANDARD_LIBRARIES = YES;
				BUNDLE_LOADER = "$(TEST_HOST)";
				CODE_SIGN_STYLE = Automatic;
				CURRENT_PROJECT_VERSION = 1;
				DEVELOPMENT_TEAM = 295UB9NMUR;
				GENERATE_INFOPLIST_FILE = YES;
				IPHONEOS_DEPLOYMENT_TARGET = 16.2;
				MARKETING_VERSION = 1.0;
				PRODUCT_BUNDLE_IDENTIFIER = com.Jgamer.FirstIosAppTests;
				PRODUCT_NAME = "$(TARGET_NAME)";
				SWIFT_EMIT_LOC_STRINGS = NO;
				SWIFT_VERSION = 5.0;
				TARGETED_DEVICE_FAMILY = "1,2";
				TEST_HOST = "$(BUILT_PRODUCTS_DIR)/FirstIosApp.app/$(BUNDLE_EXECUTABLE_FOLDER_PATH)/FirstIosApp";
			};
			name = Debug;
		};
		C3335DD62A1E4FA100EF6122 /* Release */ = {
			isa = XCBuildConfiguration;
			buildSettings = {
				ALWAYS_EMBED_SWIFT_STANDARD_LIBRARIES = YES;
				BUNDLE_LOADER = "$(TEST_HOST)";
				CODE_SIGN_STYLE = Automatic;
				CURRENT_PROJECT_VERSION = 1;
				DEVELOPMENT_TEAM = 295UB9NMUR;
				GENERATE_INFOPLIST_FILE = YES;
				IPHONEOS_DEPLOYMENT_TARGET = 16.2;
				MARKETING_VERSION = 1.0;
				PRODUCT_BUNDLE_IDENTIFIER = com.Jgamer.FirstIosAppTests;
				PRODUCT_NAME = "$(TARGET_NAME)";
				SWIFT_EMIT_LOC_STRINGS = NO;
				SWIFT_VERSION = 5.0;
				TARGETED_DEVICE_FAMILY = "1,2";
				TEST_HOST = "$(BUILT_PRODUCTS_DIR)/FirstIosApp.app/$(BUNDLE_EXECUTABLE_FOLDER_PATH)/FirstIosApp";
			};
			name = Release;
		};
		C3335DD82A1E4FA100EF6122 /* Debug */ = {
			isa = XCBuildConfiguration;
			buildSettings = {
				ALWAYS_EMBED_SWIFT_STANDARD_LIBRARIES = YES;
				CODE_SIGN_STYLE = Automatic;
				CURRENT_PROJECT_VERSION = 1;
				DEVELOPMENT_TEAM = 295UB9NMUR;
				GENERATE_INFOPLIST_FILE = YES;
				MARKETING_VERSION = 1.0;
				PRODUCT_BUNDLE_IDENTIFIER = com.Jgamer.FirstIosAppUITests;
				PRODUCT_NAME = "$(TARGET_NAME)";
				SWIFT_EMIT_LOC_STRINGS = NO;
				SWIFT_VERSION = 5.0;
				TARGETED_DEVICE_FAMILY = "1,2";
				TEST_TARGET_NAME = FirstIosApp;
			};
			name = Debug;
		};
		C3335DD92A1E4FA100EF6122 /* Release */ = {
			isa = XCBuildConfiguration;
			buildSettings = {
				ALWAYS_EMBED_SWIFT_STANDARD_LIBRARIES = YES;
				CODE_SIGN_STYLE = Automatic;
				CURRENT_PROJECT_VERSION = 1;
				DEVELOPMENT_TEAM = 295UB9NMUR;
				GENERATE_INFOPLIST_FILE = YES;
				MARKETING_VERSION = 1.0;
				PRODUCT_BUNDLE_IDENTIFIER = com.Jgamer.FirstIosAppUITests;
				PRODUCT_NAME = "$(TARGET_NAME)";
				SWIFT_EMIT_LOC_STRINGS = NO;
				SWIFT_VERSION = 5.0;
				TARGETED_DEVICE_FAMILY = "1,2";
				TEST_TARGET_NAME = FirstIosApp;
			};
			name = Release;
		};
/* End XCBuildConfiguration section */

/* Begin XCConfigurationList section */
		C3335DA82A1E4F9F00EF6122 /* Build configuration list for PBXProject "FirstIosApp" */ = {
			isa = XCConfigurationList;
			buildConfigurations = (
				C3335DCF2A1E4FA100EF6122 /* Debug */,
				C3335DD02A1E4FA100EF6122 /* Release */,
			);
			defaultConfigurationIsVisible = 0;
			defaultConfigurationName = Release;
		};
		C3335DD12A1E4FA100EF6122 /* Build configuration list for PBXNativeTarget "FirstIosApp" */ = {
			isa = XCConfigurationList;
			buildConfigurations = (
				C3335DD22A1E4FA100EF6122 /* Debug */,
				C3335DD32A1E4FA100EF6122 /* Release */,
			);
			defaultConfigurationIsVisible = 0;
			defaultConfigurationName = Release;
		};
		C3335DD42A1E4FA100EF6122 /* Build configuration list for PBXNativeTarget "FirstIosAppTests" */ = {
			isa = XCConfigurationList;
			buildConfigurations = (
				C3335DD52A1E4FA100EF6122 /* Debug */,
				C3335DD62A1E4FA100EF6122 /* Release */,
			);
			defaultConfigurationIsVisible = 0;
			defaultConfigurationName = Release;
		};
		C3335DD72A1E4FA100EF6122 /* Build configuration list for PBXNativeTarget "FirstIosAppUITests" */ = {
			isa = XCConfigurationList;
			buildConfigurations = (
				C3335DD82A1E4FA100EF6122 /* Debug */,
				C3335DD92A1E4FA100EF6122 /* Release */,
			);
			defaultConfigurationIsVisible = 0;
			defaultConfigurationName = Release;
		};
/* End XCConfigurationList section */
	};
	rootObject = C3335DA52A1E4F9F00EF6122 /* Project object */;
}
